
Microsoft Visual Studio Solution File, Format Version 12.00
# Visual Studio Version 16
VisualStudioVersion = 16.0.30330.147
MinimumVisualStudioVersion = 10.0.40219.1
Project("{FAE04EC0-301F-11D3-BF4B-00C04F79EFBC}") = "ESD2WholeWim", "ESD2WholeWim\ESD2WholeWim.csproj", "{BBC50165-F6D5-4822-816E-C02CAAC9BE9B}"
EndProject
Global
	GlobalSection(SolutionConfigurationPlatforms) = preSolution
		Debug|Any CPU = Debug|Any CPU
		Debug|x64 = Debug|x64
		Release|Any CPU = Release|Any CPU
		Release|x64 = Release|x64
	EndGlobalSection
	GlobalSection(ProjectConfigurationPlatforms) = postSolution
		{BBC50165-F6D5-4822-816E-C02CAAC9BE9B}.Debug|Any CPU.ActiveCfg = Debug|Any CPU
		{BBC50165-F6D5-4822-816E-C02CAAC9BE9B}.Debug|Any CPU.Build.0 = Debug|Any CPU
		{BBC50165-F6D5-4822-816E-C02CAAC9BE9B}.Debug|x64.ActiveCfg = Debug|x64
		{BBC50165-F6D5-4822-816E-C02CAAC9BE9B}.Debug|x64.Build.0 = Debug|x64
		{BBC50165-F6D5-4822-816E-C02CAAC9BE9B}.Release|Any CPU.ActiveCfg = Release|Any CPU
		{BBC50165-F6D5-4822-816E-C02CAAC9BE9B}.Release|Any CPU.Build.0 = Release|Any CPU
		{BBC50165-F6D5-4822-816E-C02CAAC9BE9B}.Release|x64.ActiveCfg = Release|x64
		{BBC50165-F6D5-4822-816E-C02CAAC9BE9B}.Release|x64.Build.0 = Release|x64
	EndGlobalSection
	GlobalSection(SolutionProperties) = preSolution
		HideSolutionNode = FALSE
	EndGlobalSection
	GlobalSection(ExtensibilityGlobals) = postSolution
		SolutionGuid = {BB64A635-9C8C-4C8B-A412-83C01B496C02}
	EndGlobalSection
EndGlobal
